// !$*UTF8*$!
{
	archiveVersion = 1;
	classes = {
	};
	objectVersion = 50;
	objects = {

/* Begin PBXBuildFile section */
		520491122216B44800EE06D9 /* General.swift in Sources */ = {isa = PBXBuildFile; fileRef = 520491112216B44800EE06D9 /* General.swift */; };
		52C143FD21E744B30037FE2B /* BalloonMarker.swift in Sources */ = {isa = PBXBuildFile; fileRef = 52C143FC21E744B30037FE2B /* BalloonMarker.swift */; };
		52ED3B4321E5CBB0004C9A58 /* AppDelegate.swift in Sources */ = {isa = PBXBuildFile; fileRef = 52ED3B4221E5CBB0004C9A58 /* AppDelegate.swift */; };
		52ED3B4521E5CBB0004C9A58 /* ChartViewController.swift in Sources */ = {isa = PBXBuildFile; fileRef = 52ED3B4421E5CBB0004C9A58 /* ChartViewController.swift */; };
		52ED3B4821E5CBB0004C9A58 /* Main.storyboard in Resources */ = {isa = PBXBuildFile; fileRef = 52ED3B4621E5CBB0004C9A58 /* Main.storyboard */; };
		52ED3B4A21E5CBB2004C9A58 /* Assets.xcassets in Resources */ = {isa = PBXBuildFile; fileRef = 52ED3B4921E5CBB2004C9A58 /* Assets.xcassets */; };
		52ED3B4D21E5CBB2004C9A58 /* LaunchScreen.storyboard in Resources */ = {isa = PBXBuildFile; fileRef = 52ED3B4B21E5CBB2004C9A58 /* LaunchScreen.storyboard */; };
		52F0C2CC21EC860E004D8CAB /* APIs.swift in Sources */ = {isa = PBXBuildFile; fileRef = 52F0C2CB21EC860E004D8CAB /* APIs.swift */; };
		C4A9B4F4D149F88291541C97 /* Pods_iOS_Graph_Plug.framework in Frameworks */ = {isa = PBXBuildFile; fileRef = 5BDD422CEF866C4B19046F4D /* Pods_iOS_Graph_Plug.framework */; };
/* End PBXBuildFile section */

/* Begin PBXFileReference section */
		23DE39FE6AD00AC13073D537 /* Pods-iOS_Graph_Plug.debug.xcconfig */ = {isa = PBXFileReference; includeInIndex = 1; lastKnownFileType = text.xcconfig; name = "Pods-iOS_Graph_Plug.debug.xcconfig"; path = "Pods/Target Support Files/Pods-iOS_Graph_Plug/Pods-iOS_Graph_Plug.debug.xcconfig"; sourceTree = "<group>"; };
		2629596DF87CC5008CF181D9 /* Pods-iOS_Graph_Plug.release.xcconfig */ = {isa = PBXFileReference; includeInIndex = 1; lastKnownFileType = text.xcconfig; name = "Pods-iOS_Graph_Plug.release.xcconfig"; path = "Pods/Target Support Files/Pods-iOS_Graph_Plug/Pods-iOS_Graph_Plug.release.xcconfig"; sourceTree = "<group>"; };
		520491112216B44800EE06D9 /* General.swift */ = {isa = PBXFileReference; lastKnownFileType = sourcecode.swift; path = General.swift; sourceTree = "<group>"; };
		52C143FC21E744B30037FE2B /* BalloonMarker.swift */ = {isa = PBXFileReference; fileEncoding = 4; lastKnownFileType = sourcecode.swift; path = BalloonMarker.swift; sourceTree = "<group>"; };
		52ED3B3F21E5CBB0004C9A58 /* iOS_Graph_Plug.app */ = {isa = PBXFileReference; explicitFileType = wrapper.application; includeInIndex = 0; path = iOS_Graph_Plug.app; sourceTree = BUILT_PRODUCTS_DIR; };
		52ED3B4221E5CBB0004C9A58 /* AppDelegate.swift */ = {isa = PBXFileReference; lastKnownFileType = sourcecode.swift; path = AppDelegate.swift; sourceTree = "<group>"; };
		52ED3B4421E5CBB0004C9A58 /* ChartViewController.swift */ = {isa = PBXFileReference; lastKnownFileType = sourcecode.swift; path = ChartViewController.swift; sourceTree = "<group>"; };
		52ED3B4721E5CBB0004C9A58 /* Base */ = {isa = PBXFileReference; lastKnownFileType = file.storyboard; name = Base; path = Base.lproj/Main.storyboard; sourceTree = "<group>"; };
		52ED3B4921E5CBB2004C9A58 /* Assets.xcassets */ = {isa = PBXFileReference; lastKnownFileType = folder.assetcatalog; path = Assets.xcassets; sourceTree = "<group>"; };
		52ED3B4C21E5CBB2004C9A58 /* Base */ = {isa = PBXFileReference; lastKnownFileType = file.storyboard; name = Base; path = Base.lproj/LaunchScreen.storyboard; sourceTree = "<group>"; };
		52ED3B4E21E5CBB2004C9A58 /* Info.plist */ = {isa = PBXFileReference; lastKnownFileType = text.plist.xml; path = Info.plist; sourceTree = "<group>"; };
		52F0C2CB21EC860E004D8CAB /* APIs.swift */ = {isa = PBXFileReference; fileEncoding = 4; lastKnownFileType = sourcecode.swift; path = APIs.swift; sourceTree = "<group>"; };
		5BDD422CEF866C4B19046F4D /* Pods_iOS_Graph_Plug.framework */ = {isa = PBXFileReference; explicitFileType = wrapper.framework; includeInIndex = 0; path = Pods_iOS_Graph_Plug.framework; sourceTree = BUILT_PRODUCTS_DIR; };
/* End PBXFileReference section */

/* Begin PBXFrameworksBuildPhase section */
		52ED3B3C21E5CBB0004C9A58 /* Frameworks */ = {
			isa = PBXFrameworksBuildPhase;
			buildActionMask = 2147483647;
			files = (
				C4A9B4F4D149F88291541C97 /* Pods_iOS_Graph_Plug.framework in Frameworks */,
			);
			runOnlyForDeploymentPostprocessing = 0;
		};
/* End PBXFrameworksBuildPhase section */

/* Begin PBXGroup section */
		0F58621937080B9B4D0DB3A8 /* Frameworks */ = {
			isa = PBXGroup;
			children = (
				5BDD422CEF866C4B19046F4D /* Pods_iOS_Graph_Plug.framework */,
			);
			name = Frameworks;
			sourceTree = "<group>";
		};
		52ED3B3621E5CBB0004C9A58 = {
			isa = PBXGroup;
			children = (
				52ED3B4121E5CBB0004C9A58 /* iOS_Graph_Plug */,
				52ED3B4021E5CBB0004C9A58 /* Products */,
				AD136D3605609419A58DD483 /* Pods */,
				0F58621937080B9B4D0DB3A8 /* Frameworks */,
			);
			sourceTree = "<group>";
		};
		52ED3B4021E5CBB0004C9A58 /* Products */ = {
			isa = PBXGroup;
			children = (
				52ED3B3F21E5CBB0004C9A58 /* iOS_Graph_Plug.app */,
			);
			name = Products;
			sourceTree = "<group>";
		};
		52ED3B4121E5CBB0004C9A58 /* iOS_Graph_Plug */ = {
			isa = PBXGroup;
			children = (
				52ED3B4221E5CBB0004C9A58 /* AppDelegate.swift */,
				52ED3B4421E5CBB0004C9A58 /* ChartViewController.swift */,
				52C143FC21E744B30037FE2B /* BalloonMarker.swift */,
				52F0C2CB21EC860E004D8CAB /* APIs.swift */,
				520491112216B44800EE06D9 /* General.swift */,
				52ED3B4621E5CBB0004C9A58 /* Main.storyboard */,
				52ED3B4921E5CBB2004C9A58 /* Assets.xcassets */,
				52ED3B4B21E5CBB2004C9A58 /* LaunchScreen.storyboard */,
				52ED3B4E21E5CBB2004C9A58 /* Info.plist */,
			);
			path = iOS_Graph_Plug;
			sourceTree = "<group>";
		};
		AD136D3605609419A58DD483 /* Pods */ = {
			isa = PBXGroup;
			children = (
				23DE39FE6AD00AC13073D537 /* Pods-iOS_Graph_Plug.debug.xcconfig */,
				2629596DF87CC5008CF181D9 /* Pods-iOS_Graph_Plug.release.xcconfig */,
			);
			name = Pods;
			sourceTree = "<group>";
		};
/* End PBXGroup section */

/* Begin PBXNativeTarget section */
		52ED3B3E21E5CBB0004C9A58 /* iOS_Graph_Plug */ = {
			isa = PBXNativeTarget;
			buildConfigurationList = 52ED3B5121E5CBB2004C9A58 /* Build configuration list for PBXNativeTarget "iOS_Graph_Plug" */;
			buildPhases = (
				AAE5341C04C2ECA36A57CAD1 /* [CP] Check Pods Manifest.lock */,
				52ED3B3B21E5CBB0004C9A58 /* Sources */,
				52ED3B3C21E5CBB0004C9A58 /* Frameworks */,
				52ED3B3D21E5CBB0004C9A58 /* Resources */,
				20BC6D4BF3F5514EAE0C265D /* [CP] Embed Pods Frameworks */,
			);
			buildRules = (
			);
			dependencies = (
			);
			name = iOS_Graph_Plug;
			productName = iOS_Graph_Plug;
			productReference = 52ED3B3F21E5CBB0004C9A58 /* iOS_Graph_Plug.app */;
			productType = "com.apple.product-type.application";
		};
/* End PBXNativeTarget section */

/* Begin PBXProject section */
		52ED3B3721E5CBB0004C9A58 /* Project object */ = {
			isa = PBXProject;
			attributes = {
				LastSwiftUpdateCheck = 1000;
				LastUpgradeCheck = 1000;
				ORGANIZATIONNAME = "Omni-Bridge";
				TargetAttributes = {
					52ED3B3E21E5CBB0004C9A58 = {
						CreatedOnToolsVersion = 10.0;
					};
				};
			};
			buildConfigurationList = 52ED3B3A21E5CBB0004C9A58 /* Build configuration list for PBXProject "iOS_Graph_Plug" */;
			compatibilityVersion = "Xcode 9.3";
			developmentRegion = en;
			hasScannedForEncodings = 0;
			knownRegions = (
				en,
				Base,
			);
			mainGroup = 52ED3B3621E5CBB0004C9A58;
			productRefGroup = 52ED3B4021E5CBB0004C9A58 /* Products */;
			projectDirPath = "";
			projectRoot = "";
			targets = (
				52ED3B3E21E5CBB0004C9A58 /* iOS_Graph_Plug */,
			);
		};
/* End PBXProject section */

/* Begin PBXResourcesBuildPhase section */
		52ED3B3D21E5CBB0004C9A58 /* Resources */ = {
			isa = PBXResourcesBuildPhase;
			buildActionMask = 2147483647;
			files = (
				52ED3B4D21E5CBB2004C9A58 /* LaunchScreen.storyboard in Resources */,
				52ED3B4A21E5CBB2004C9A58 /* Assets.xcassets in Resources */,
				52ED3B4821E5CBB0004C9A58 /* Main.storyboard in Resources */,
			);
			runOnlyForDeploymentPostprocessing = 0;
		};
/* End PBXResourcesBuildPhase section */

/* Begin PBXShellScriptBuildPhase section */
		20BC6D4BF3F5514EAE0C265D /* [CP] Embed Pods Frameworks */ = {
			isa = PBXShellScriptBuildPhase;
			buildActionMask = 2147483647;
			files = (
			);
			inputPaths = (
				"${SRCROOT}/Pods/Target Support Files/Pods-iOS_Graph_Plug/Pods-iOS_Graph_Plug-frameworks.sh",
				"${BUILT_PRODUCTS_DIR}/Charts/Charts.framework",
				"${BUILT_PRODUCTS_DIR}/DropDown/DropDown.framework",
			);
			name = "[CP] Embed Pods Frameworks";
			outputPaths = (
				"${TARGET_BUILD_DIR}/${FRAMEWORKS_FOLDER_PATH}/Charts.framework",
				"${TARGET_BUILD_DIR}/${FRAMEWORKS_FOLDER_PATH}/DropDown.framework",
			);
			runOnlyForDeploymentPostprocessing = 0;
			shellPath = /bin/sh;
			shellScript = "\"${SRCROOT}/Pods/Target Support Files/Pods-iOS_Graph_Plug/Pods-iOS_Graph_Plug-frameworks.sh\"\n";
			showEnvVarsInLog = 0;
		};
		AAE5341C04C2ECA36A57CAD1 /* [CP] Check Pods Manifest.lock */ = {
			isa = PBXShellScriptBuildPhase;
			buildActionMask = 2147483647;
			files = (
			);
			inputPaths = (
				"${PODS_PODFILE_DIR_PATH}/Podfile.lock",
				"${PODS_ROOT}/Manifest.lock",
			);
			name = "[CP] Check Pods Manifest.lock";
			outputPaths = (
				"$(DERIVED_FILE_DIR)/Pods-iOS_Graph_Plug-checkManifestLockResult.txt",
			);
			runOnlyForDeploymentPostprocessing = 0;
			shellPath = /bin/sh;
			shellScript = "diff \"${PODS_PODFILE_DIR_PATH}/Podfile.lock\" \"${PODS_ROOT}/Manifest.lock\" > /dev/null\nif [ $? != 0 ] ; then\n    # print error to STDERR\n    echo \"error: The sandbox is not in sync with the Podfile.lock. Run 'pod install' or update your CocoaPods installation.\" >&2\n    exit 1\nfi\n# This output is used by Xcode 'outputs' to avoid re-running this script phase.\necho \"SUCCESS\" > \"${SCRIPT_OUTPUT_FILE_0}\"\n";
			showEnvVarsInLog = 0;
		};
/* End PBXShellScriptBuildPhase section */

/* Begin PBXSourcesBuildPhase section */
		52ED3B3B21E5CBB0004C9A58 /* Sources */ = {
			isa = PBXSourcesBuildPhase;
			buildActionMask = 2147483647;
			files = (
				52C143FD21E744B30037FE2B /* BalloonMarker.swift in Sources */,
				52ED3B4521E5CBB0004C9A58 /* ChartViewController.swift in Sources */,
				52F0C2CC21EC860E004D8CAB /* APIs.swift in Sources */,
				52ED3B4321E5CBB0004C9A58 /* AppDelegate.swift in Sources */,
				520491122216B44800EE06D9 /* General.swift in Sources */,
			);
			runOnlyForDeploymentPostprocessing = 0;
		};
/* End PBXSourcesBuildPhase section */

/* Begin PBXVariantGroup section */
		52ED3B4621E5CBB0004C9A58 /* Main.storyboard */ = {
			isa = PBXVariantGroup;
			children = (
				52ED3B4721E5CBB0004C9A58 /* Base */,
			);
			name = Main.storyboard;
			sourceTree = "<group>";
		};
		52ED3B4B21E5CBB2004C9A58 /* LaunchScreen.storyboard */ = {
			isa = PBXVariantGroup;
			children = (
				52ED3B4C21E5CBB2004C9A58 /* Base */,
			);
			name = LaunchScreen.storyboard;
			sourceTree = "<group>";
		};
/* End PBXVariantGroup section */

/* Begin XCBuildConfiguration section */
		52ED3B4F21E5CBB2004C9A58 /* Debug */ = {
			isa = XCBuildConfiguration;
			buildSettings = {
				ALWAYS_SEARCH_USER_PATHS = NO;
				CLANG_ANALYZER_NONNULL = YES;
				CLANG_ANALYZER_NUMBER_OBJECT_CONVERSION = YES_AGGRESSIVE;
				CLANG_CXX_LANGUAGE_STANDARD = "gnu++14";
				CLANG_CXX_LIBRARY = "libc++";
				CLANG_ENABLE_MODULES = YES;
				CLANG_ENABLE_OBJC_ARC = YES;
				CLANG_ENABLE_OBJC_WEAK = YES;
				CLANG_WARN_BLOCK_CAPTURE_AUTORELEASING = YES;
				CLANG_WARN_BOOL_CONVERSION = YES;
				CLANG_WARN_COMMA = YES;
				CLANG_WARN_CONSTANT_CONVERSION = YES;
				CLANG_WARN_DEPRECATED_OBJC_IMPLEMENTATIONS = YES;
				CLANG_WARN_DIRECT_OBJC_ISA_USAGE = YES_ERROR;
				CLANG_WARN_DOCUMENTATION_COMMENTS = YES;
				CLANG_WARN_EMPTY_BODY = YES;
				CLANG_WARN_ENUM_CONVERSION = YES;
				CLANG_WARN_INFINITE_RECURSION = YES;
				CLANG_WARN_INT_CONVERSION = YES;
				CLANG_WARN_NON_LITERAL_NULL_CONVERSION = YES;
				CLANG_WARN_OBJC_IMPLICIT_RETAIN_SELF = YES;
				CLANG_WARN_OBJC_LITERAL_CONVERSION = YES;
				CLANG_WARN_OBJC_ROOT_CLASS = YES_ERROR;
				CLANG_WARN_RANGE_LOOP_ANALYSIS = YES;
				CLANG_WARN_STRICT_PROTOTYPES = YES;
				CLANG_WARN_SUSPICIOUS_MOVE = YES;
				CLANG_WARN_UNGUARDED_AVAILABILITY = YES_AGGRESSIVE;
				CLANG_WARN_UNREACHABLE_CODE = YES;
				CLANG_WARN__DUPLICATE_METHOD_MATCH = YES;
				CODE_SIGN_IDENTITY = "iPhone Developer";
				COPY_PHASE_STRIP = NO;
				DEBUG_INFORMATION_FORMAT = dwarf;
				ENABLE_STRICT_OBJC_MSGSEND = YES;
				ENABLE_TESTABILITY = YES;
				GCC_C_LANGUAGE_STANDARD = gnu11;
				GCC_DYNAMIC_NO_PIC = NO;
				GCC_NO_COMMON_BLOCKS = YES;
				GCC_OPTIMIZATION_LEVEL = 0;
				GCC_PREPROCESSOR_DEFINITIONS = (
					"DEBUG=1",
					"$(inherited)",
				);
				GCC_WARN_64_TO_32_BIT_CONVERSION = YES;
				GCC_WARN_ABOUT_RETURN_TYPE = YES_ERROR;
				GCC_WARN_UNDECLARED_SELECTOR = YES;
				GCC_WARN_UNINITIALIZED_AUTOS = YES_AGGRESSIVE;
				GCC_WARN_UNUSED_FUNCTION = YES;
				GCC_WARN_UNUSED_VARIABLE = YES;
				IPHONEOS_DEPLOYMENT_TARGET = 12.0;
				MTL_ENABLE_DEBUG_INFO = INCLUDE_SOURCE;
				MTL_FAST_MATH = YES;
				ONLY_ACTIVE_ARCH = YES;
				SDKROOT = iphoneos;
				SWIFT_ACTIVE_COMPILATION_CONDITIONS = DEBUG;
				SWIFT_OPTIMIZATION_LEVEL = "-Onone";
			};
			name = Debug;
		};
		52ED3B5021E5CBB2004C9A58 /* Release */ = {
			isa = XCBuildConfiguration;
			buildSettings = {
				ALWAYS_SEARCH_USER_PATHS = NO;
				CLANG_ANALYZER_NONNULL = YES;
				CLANG_ANALYZER_NUMBER_OBJECT_CONVERSION = YES_AGGRESSIVE;
				CLANG_CXX_LANGUAGE_STANDARD = "gnu++14";
				CLANG_CXX_LIBRARY = "libc++";
				CLANG_ENABLE_MODULES = YES;
				CLANG_ENABLE_OBJC_ARC = YES;
				CLANG_ENABLE_OBJC_WEAK = YES;
				CLANG_WARN_BLOCK_CAPTURE_AUTORELEASING = YES;
				CLANG_WARN_BOOL_CONVERSION = YES;
				CLANG_WARN_COMMA = YES;
				CLANG_WARN_CONSTANT_CONVERSION = YES;
				CLANG_WARN_DEPRECATED_OBJC_IMPLEMENTATIONS = YES;
				CLANG_WARN_DIRECT_OBJC_ISA_USAGE = YES_ERROR;
				CLANG_WARN_DOCUMENTATION_COMMENTS = YES;
				CLANG_WARN_EMPTY_BODY = YES;
				CLANG_WARN_ENUM_CONVERSION = YES;
				CLANG_WARN_INFINITE_RECURSION = YES;
				CLANG_WARN_INT_CONVERSION = YES;
				CLANG_WARN_NON_LITERAL_NULL_CONVERSION = YES;
				CLANG_WARN_OBJC_IMPLICIT_RETAIN_SELF = YES;
				CLANG_WARN_OBJC_LITERAL_CONVERSION = YES;
				CLANG_WARN_OBJC_ROOT_CLASS = YES_ERROR;
				CLANG_WARN_RANGE_LOOP_ANALYSIS = YES;
				CLANG_WARN_STRICT_PROTOTYPES = YES;
				CLANG_WARN_SUSPICIOUS_MOVE = YES;
				CLANG_WARN_UNGUARDED_AVAILABILITY = YES_AGGRESSIVE;
				CLANG_WARN_UNREACHABLE_CODE = YES;
				CLANG_WARN__DUPLICATE_METHOD_MATCH = YES;
				CODE_SIGN_IDENTITY = "iPhone Developer";
				COPY_PHASE_STRIP = NO;
				DEBUG_INFORMATION_FORMAT = "dwarf-with-dsym";
				ENABLE_NS_ASSERTIONS = NO;
				ENABLE_STRICT_OBJC_MSGSEND = YES;
				GCC_C_LANGUAGE_STANDARD = gnu11;
				GCC_NO_COMMON_BLOCKS = YES;
				GCC_WARN_64_TO_32_BIT_CONVERSION = YES;
				GCC_WARN_ABOUT_RETURN_TYPE = YES_ERROR;
				GCC_WARN_UNDECLARED_SELECTOR = YES;
				GCC_WARN_UNINITIALIZED_AUTOS = YES_AGGRESSIVE;
				GCC_WARN_UNUSED_FUNCTION = YES;
				GCC_WARN_UNUSED_VARIABLE = YES;
				IPHONEOS_DEPLOYMENT_TARGET = 12.0;
				MTL_ENABLE_DEBUG_INFO = NO;
				MTL_FAST_MATH = YES;
				SDKROOT = iphoneos;
				SWIFT_COMPILATION_MODE = wholemodule;
				SWIFT_OPTIMIZATION_LEVEL = "-O";
				VALIDATE_PRODUCT = YES;
			};
			name = Release;
		};
		52ED3B5221E5CBB2004C9A58 /* Debug */ = {
			isa = XCBuildConfiguration;
			baseConfigurationReference = 23DE39FE6AD00AC13073D537 /* Pods-iOS_Graph_Plug.debug.xcconfig */;
			buildSettings = {
				ASSETCATALOG_COMPILER_APPICON_NAME = AppIcon;
				CODE_SIGN_STYLE = Automatic;
				DEVELOPMENT_TEAM = 62YKTFE2C9;
				INFOPLIST_FILE = iOS_Graph_Plug/Info.plist;
				IPHONEOS_DEPLOYMENT_TARGET = 9.0;
				LD_RUNPATH_SEARCH_PATHS = (
					"$(inherited)",
					"@executable_path/Frameworks",
				);
				PRODUCT_BUNDLE_IDENTIFIER = "com.ob.-.iOS-Graph-Plug";
				PRODUCT_NAME = "$(TARGET_NAME)";
				SWIFT_VERSION = 4.2;
				TARGETED_DEVICE_FAMILY = 1;
			};
			name = Debug;
		};
		52ED3B5321E5CBB2004C9A58 /* Release */ = {
			isa = XCBuildConfiguration;
			baseConfigurationReference = 2629596DF87CC5008CF181D9 /* Pods-iOS_Graph_Plug.release.xcconfig */;
			buildSettings = {
				ASSETCATALOG_COMPILER_APPICON_NAME = AppIcon;
				CODE_SIGN_STYLE = Automatic;
				DEVELOPMENT_TEAM = 62YKTFE2C9;
				INFOPLIST_FILE = iOS_Graph_Plug/Info.plist;
				IPHONEOS_DEPLOYMENT_TARGET = 9.0;
				LD_RUNPATH_SEARCH_PATHS = (
					"$(inherited)",
					"@executable_path/Frameworks",
				);
				PRODUCT_BUNDLE_IDENTIFIER = "com.ob.-.iOS-Graph-Plug";
				PRODUCT_NAME = "$(TARGET_NAME)";
				SWIFT_VERSION = 4.2;
				TARGETED_DEVICE_FAMILY = 1;
			};
			name = Release;
		};
/* End XCBuildConfiguration section */

/* Begin XCConfigurationList section */
		52ED3B3A21E5CBB0004C9A58 /* Build configuration list for PBXProject "iOS_Graph_Plug" */ = {
			isa = XCConfigurationList;
			buildConfigurations = (
				52ED3B4F21E5CBB2004C9A58 /* Debug */,
				52ED3B5021E5CBB2004C9A58 /* Release */,
			);
			defaultConfigurationIsVisible = 0;
			defaultConfigurationName = Release;
		};
		52ED3B5121E5CBB2004C9A58 /* Build configuration list for PBXNativeTarget "iOS_Graph_Plug" */ = {
			isa = XCConfigurationList;
			buildConfigurations = (
				52ED3B5221E5CBB2004C9A58 /* Debug */,
				52ED3B5321E5CBB2004C9A58 /* Release */,
			);
			defaultConfigurationIsVisible = 0;
			defaultConfigurationName = Release;
		};
/* End XCConfigurationList section */
	};
	rootObject = 52ED3B3721E5CBB0004C9A58 /* Project object */;
}
